
Microsoft Visual Studio Solution File, Format Version 12.00
# Visual Studio Version 16
VisualStudioVersion = 16.0.32901.82
MinimumVisualStudioVersion = 10.0.40219.1
Project("{FAE04EC0-301F-11D3-BF4B-00C04F79EFBC}") = "HasRabbitMqApi", "HasRabbitMqApi.csproj", "{E9082779-4BCC-4D30-BA32-83BC6855F400}"
EndProject
Global
	GlobalSection(SolutionConfigurationPlatforms) = preSolution
		Debug|Any CPU = Debug|Any CPU
		Release|Any CPU = Release|Any CPU
	EndGlobalSection
	GlobalSection(ProjectConfigurationPlatforms) = postSolution
		{E9082779-4BCC-4D30-BA32-83BC6855F400}.Debug|Any CPU.ActiveCfg = Debug|Any CPU
		{E9082779-4BCC-4D30-BA32-83BC6855F400}.Debug|Any CPU.Build.0 = Debug|Any CPU
		{E9082779-4BCC-4D30-BA32-83BC6855F400}.Release|Any CPU.ActiveCfg = Release|Any CPU
		{E9082779-4BCC-4D30-BA32-83BC6855F400}.Release|Any CPU.Build.0 = Release|Any CPU
	EndGlobalSection
	GlobalSection(SolutionProperties) = preSolution
		HideSolutionNode = FALSE
	EndGlobalSection
	GlobalSection(ExtensibilityGlobals) = postSolution
		SolutionGuid = {39A2ACB7-AAF7-4882-852A-8FED58738068}
	EndGlobalSection
EndGlobal
